<?xml version="1.0" encoding="utf-8"?>
<Project ToolsVersion="4.0" xmlns="http://schemas.microsoft.com/developer/msbuild/2003">
  <ItemGroup>
    <Filter Include="Source Files">
      <UniqueIdentifier>{4FC737F1-C7A5-4376-A066-2A32D752A2FF}</UniqueIdentifier>
      <Extensions>cpp;c;cc;cxx;def;odl;idl;hpj;bat;asm;asmx</Extensions>
    </Filter>
    <Filter Include="Header Files">
      <UniqueIdentifier>{93995380-89BD-4b04-88EB-625FBE52EBFB}</UniqueIdentifier>
      <Extensions>h;hh;hpp;hxx;hm;inl;inc;ipp;xsd</Extensions>
    </Filter>
    <Filter Include="Resource Files">
      <UniqueIdentifier>{67DA6AB6-F800-4c08-8B7A-83BB121AAD01}</UniqueIdentifier>
      <Extensions>rc;ico;cur;bmp;dlg;rc2;rct;bin;rgs;gif;jpg;jpeg;jpe;resx;tiff;tif;png;wav;mfcribbon-ms</Extensions>
    </Filter>
    <Filter Include="Header Files\scl">
      <UniqueIdentifier>{87c036fa-ed9f-4d79-8675-d9b2f1cac38f}</UniqueIdentifier>
    </Filter>
    <Filter Include="Header Files\programs">
      <UniqueIdentifier>{134fe2ca-de08-4792-b645-e6336848e710}</UniqueIdentifier>
    </Filter>
    <Filter Include="Header Files\scl\types">
      <UniqueIdentifier>{2860705e-3e8a-4e9e-95d5-27be0faccc09}</UniqueIdentifier>
    </Filter>
    <Filter Include="Header Files\scl\features">
      <UniqueIdentifier>{5f756f26-3540-4b20-80cd-7e332c91df77}</UniqueIdentifier>
    </Filter>
    <Filter Include="Header Files\winapi">
      <UniqueIdentifier>{0ac5857c-10b0-4d7f-b3f2-a9e7979942c4}</UniqueIdentifier>
    </Filter>
  </ItemGroup>
  <ItemGroup>
    <ClInclude Include="pch.h">
      <Filter>Header Files</Filter>
    </ClInclude>
    <ClInclude Include="clib.h">
      <Filter>Header Files</Filter>
    </ClInclude>
    <ClInclude Include="scl\exit_codes.h">
      <Filter>Header Files\scl</Filter>
    </ClInclude>
    <ClInclude Include="scl\io.h">
      <Filter>Header Files\scl</Filter>
    </ClInclude>
    <ClInclude Include="scl\math.h">
      <Filter>Header Files\scl</Filter>
    </ClInclude>
    <ClInclude Include="scl\rand.h">
      <Filter>Header Files\scl</Filter>
    </ClInclude>
    <ClInclude Include="scl\types\linked_array.h">
      <Filter>Header Files\scl\types</Filter>
    </ClInclude>
    <ClInclude Include="scl\types\string.h">
      <Filter>Header Files\scl\types</Filter>
    </ClInclude>
    <ClInclude Include="scl\features\cleaner.h">
      <Filter>Header Files\scl\features</Filter>
    </ClInclude>
    <ClInclude Include="scl\features\err.h">
      <Filter>Header Files\scl\features</Filter>
    </ClInclude>
    <ClInclude Include="scl\features\fmt.h">
      <Filter>Header Files\scl\features</Filter>
    </ClInclude>
    <ClInclude Include="scl\features\log.h">
      <Filter>Header Files\scl\features</Filter>
    </ClInclude>
    <ClInclude Include="scl\features\mem.h">
      <Filter>Header Files\scl\features</Filter>
    </ClInclude>
    <ClInclude Include="scl\macros.h">
      <Filter>Header Files\scl</Filter>
    </ClInclude>
    <ClInclude Include="scl\types\all_types.h">
      <Filter>Header Files\scl\types</Filter>
    </ClInclude>
    <ClInclude Include="scl\features\all_features.h">
      <Filter>Header Files\scl\features</Filter>
    </ClInclude>
    <ClInclude Include="programs\bh.h">
      <Filter>Header Files\programs</Filter>
    </ClInclude>
    <ClInclude Include="programs\counter.h">
      <Filter>Header Files\programs</Filter>
    </ClInclude>
    <ClInclude Include="programs\old_codes.h">
      <Filter>Header Files\programs</Filter>
    </ClInclude>
    <ClInclude Include="winapi\functions.h">
      <Filter>Header Files\winapi</Filter>
    </ClInclude>
    <ClInclude Include="winapi\time.h">
      <Filter>Header Files\winapi</Filter>
    </ClInclude>
    <ClInclude Include="winapi\types.h">
      <Filter>Header Files\winapi</Filter>
    </ClInclude>
    <ClInclude Include="winapi\tools.h">
      <Filter>Header Files\winapi</Filter>
    </ClInclude>
    <ClInclude Include="scl\all.h">
      <Filter>Header Files\scl</Filter>
    </ClInclude>
    <ClInclude Include="winapi\all.h">
      <Filter>Header Files\winapi</Filter>
    </ClInclude>
    <ClInclude Include="scl\builtins.h">
      <Filter>Header Files\scl</Filter>
    </ClInclude>
    <ClInclude Include="scl\features\cfmt.h">
      <Filter>Header Files\scl\features</Filter>
    </ClInclude>
  </ItemGroup>
  <ItemGroup>
    <ClCompile Include="pch.cpp">
      <Filter>Source Files</Filter>
    </ClCompile>
    <ClCompile Include="cpp-libs.cpp">
      <Filter>Source Files</Filter>
    </ClCompile>
  </ItemGroup>
  <ItemGroup>
    <None Include="cpp.hint" />
  </ItemGroup>
</Project>