<?xml version="1.0" encoding="utf-8"?>
<Project ToolsVersion="4.0" xmlns="http://schemas.microsoft.com/developer/msbuild/2003">
  <ItemGroup>
    <Filter Include="Source Files">
      <UniqueIdentifier>{4FC737F1-C7A5-4376-A066-2A32D752A2FF}</UniqueIdentifier>
      <Extensions>cpp;c;cc;cxx;def;odl;idl;hpj;bat;asm;asmx</Extensions>
    </Filter>
    <Filter Include="Header Files">
      <UniqueIdentifier>{93995380-89BD-4b04-88EB-625FBE52EBFB}</UniqueIdentifier>
      <Extensions>h;hh;hpp;hxx;hm;inl;inc;ipp;xsd</Extensions>
    </Filter>
    <Filter Include="Resource Files">
      <UniqueIdentifier>{67DA6AB6-F800-4c08-8B7A-83BB121AAD01}</UniqueIdentifier>
      <Extensions>rc;ico;cur;bmp;dlg;rc2;rct;bin;rgs;gif;jpg;jpeg;jpe;resx;tiff;tif;png;wav;mfcribbon-ms</Extensions>
    </Filter>
    <Filter Include="Header Files\scl">
      <UniqueIdentifier>{87c036fa-ed9f-4d79-8675-d9b2f1cac38f}</UniqueIdentifier>
    </Filter>
    <Filter Include="Header Files\scl\types">
      <UniqueIdentifier>{6e8db4c9-8e25-4c47-919f-595a91278293}</UniqueIdentifier>
    </Filter>
    <Filter Include="Header Files\scl\features">
      <UniqueIdentifier>{b8c246a4-da1a-4ef1-abea-3876dc3273a7}</UniqueIdentifier>
    </Filter>
    <Filter Include="Header Files\scl_incomplete">
      <UniqueIdentifier>{0c0aadef-0206-431a-91a6-a66350f9ea6c}</UniqueIdentifier>
    </Filter>
  </ItemGroup>
  <ItemGroup>
    <ClInclude Include="pch.h">
      <Filter>Header Files</Filter>
    </ClInclude>
    <ClInclude Include="macros.h">
      <Filter>Header Files</Filter>
    </ClInclude>
    <ClInclude Include="clib.h">
      <Filter>Header Files</Filter>
    </ClInclude>
    <ClInclude Include="bh.h">
      <Filter>Header Files</Filter>
    </ClInclude>
    <ClInclude Include="counter.h">
      <Filter>Header Files</Filter>
    </ClInclude>
    <ClInclude Include="scl\exit_codes.h">
      <Filter>Header Files\scl</Filter>
    </ClInclude>
    <ClInclude Include="scl\io.h">
      <Filter>Header Files\scl</Filter>
    </ClInclude>
    <ClInclude Include="scl\math.h">
      <Filter>Header Files\scl</Filter>
    </ClInclude>
    <ClInclude Include="scl\rand.h">
      <Filter>Header Files\scl</Filter>
    </ClInclude>
    <ClInclude Include="old_codes.h">
      <Filter>Header Files</Filter>
    </ClInclude>
    <ClInclude Include="scl\types\linked_array.h">
      <Filter>Header Files\scl\types</Filter>
    </ClInclude>
    <ClInclude Include="scl\types\string.h">
      <Filter>Header Files\scl\types</Filter>
    </ClInclude>
    <ClInclude Include="scl\types\builtins.h">
      <Filter>Header Files\scl\types</Filter>
    </ClInclude>
    <ClInclude Include="scl\features\cleaner.h">
      <Filter>Header Files\scl\features</Filter>
    </ClInclude>
    <ClInclude Include="scl\features\err.h">
      <Filter>Header Files\scl\features</Filter>
    </ClInclude>
    <ClInclude Include="scl\features\fmt.h">
      <Filter>Header Files\scl\features</Filter>
    </ClInclude>
    <ClInclude Include="scl\features\log.h">
      <Filter>Header Files\scl\features</Filter>
    </ClInclude>
    <ClInclude Include="scl\features\mem.h">
      <Filter>Header Files\scl\features</Filter>
    </ClInclude>
    <ClInclude Include="scl\scl_interface.h">
      <Filter>Header Files\scl_incomplete</Filter>
    </ClInclude>
    <ClInclude Include="scl\safe.h">
      <Filter>Header Files\scl_incomplete</Filter>
    </ClInclude>
    <ClInclude Include="scl\scl.h">
      <Filter>Header Files</Filter>
    </ClInclude>
  </ItemGroup>
  <ItemGroup>
    <ClCompile Include="pch.cpp">
      <Filter>Source Files</Filter>
    </ClCompile>
    <ClCompile Include="cpp-libs.cpp">
      <Filter>Source Files</Filter>
    </ClCompile>
  </ItemGroup>
  <ItemGroup>
    <None Include="cpp.hint" />
  </ItemGroup>
</Project>